
Microsoft Visual Studio Solution File, Format Version 12.00
# Visual Studio Version 17
VisualStudioVersion = 17.8.34330.188
MinimumVisualStudioVersion = 10.0.40219.1
Project("{FAE04EC0-301F-11D3-BF4B-00C04F79EFBC}") = "1. Count Same Values in Array", "1. Count Same Values in Array\1. Count Same Values in Array.csproj", "{7CC33953-89F5-4AC9-A0C4-8077B5C5202D}"
EndProject
Global
	GlobalSection(SolutionConfigurationPlatforms) = preSolution
		Debug|Any CPU = Debug|Any CPU
		Release|Any CPU = Release|Any CPU
	EndGlobalSection
	GlobalSection(ProjectConfigurationPlatforms) = postSolution
		{7CC33953-89F5-4AC9-A0C4-8077B5C5202D}.Debug|Any CPU.ActiveCfg = Debug|Any CPU
		{7CC33953-89F5-4AC9-A0C4-8077B5C5202D}.Debug|Any CPU.Build.0 = Debug|Any CPU
		{7CC33953-89F5-4AC9-A0C4-8077B5C5202D}.Release|Any CPU.ActiveCfg = Release|Any CPU
		{7CC33953-89F5-4AC9-A0C4-8077B5C5202D}.Release|Any CPU.Build.0 = Release|Any CPU
	EndGlobalSection
	GlobalSection(SolutionProperties) = preSolution
		HideSolutionNode = FALSE
	EndGlobalSection
	GlobalSection(ExtensibilityGlobals) = postSolution
		SolutionGuid = {53F3665C-E5B7-4BE7-A5F6-1445A1DF1625}
	EndGlobalSection
EndGlobal
