
Microsoft Visual Studio Solution File, Format Version 12.00
# Visual Studio Version 17
VisualStudioVersion = 17.7.34221.43
MinimumVisualStudioVersion = 10.0.40219.1
Project("{9A19103F-16F7-4668-BE54-9A1E7A4F7556}") = "1. Reverse a String", "1. Reverse a String\1. Reverse a String.csproj", "{5686EDAA-B68B-40B2-B087-184860FED0B3}"
EndProject
Project("{FAE04EC0-301F-11D3-BF4B-00C04F79EFBC}") = "2. Stack Sum", "2. Stack Sum\2. Stack Sum.csproj", "{6A1BCFA8-D017-4F62-BBED-1C29EAC5A78D}"
EndProject
Global
	GlobalSection(SolutionConfigurationPlatforms) = preSolution
		Debug|Any CPU = Debug|Any CPU
		Release|Any CPU = Release|Any CPU
	EndGlobalSection
	GlobalSection(ProjectConfigurationPlatforms) = postSolution
		{5686EDAA-B68B-40B2-B087-184860FED0B3}.Debug|Any CPU.ActiveCfg = Debug|Any CPU
		{5686EDAA-B68B-40B2-B087-184860FED0B3}.Debug|Any CPU.Build.0 = Debug|Any CPU
		{5686EDAA-B68B-40B2-B087-184860FED0B3}.Release|Any CPU.ActiveCfg = Release|Any CPU
		{5686EDAA-B68B-40B2-B087-184860FED0B3}.Release|Any CPU.Build.0 = Release|Any CPU
		{6A1BCFA8-D017-4F62-BBED-1C29EAC5A78D}.Debug|Any CPU.ActiveCfg = Debug|Any CPU
		{6A1BCFA8-D017-4F62-BBED-1C29EAC5A78D}.Debug|Any CPU.Build.0 = Debug|Any CPU
		{6A1BCFA8-D017-4F62-BBED-1C29EAC5A78D}.Release|Any CPU.ActiveCfg = Release|Any CPU
		{6A1BCFA8-D017-4F62-BBED-1C29EAC5A78D}.Release|Any CPU.Build.0 = Release|Any CPU
	EndGlobalSection
	GlobalSection(SolutionProperties) = preSolution
		HideSolutionNode = FALSE
	EndGlobalSection
	GlobalSection(ExtensibilityGlobals) = postSolution
		SolutionGuid = {F12AAB79-D8FD-4D68-A9E0-16B6A65F408E}
	EndGlobalSection
EndGlobal
