
Microsoft Visual Studio Solution File, Format Version 12.00
# Visual Studio Version 17
VisualStudioVersion = 17.7.34221.43
MinimumVisualStudioVersion = 10.0.40219.1
Project("{FAE04EC0-301F-11D3-BF4B-00C04F79EFBC}") = "1. Reverse a String", "1. Reverse a String\1. Reverse a String.csproj", "{124294B6-C1F3-47A4-8202-79C5302C9BF6}"
EndProject
Global
	GlobalSection(SolutionConfigurationPlatforms) = preSolution
		Debug|Any CPU = Debug|Any CPU
		Release|Any CPU = Release|Any CPU
	EndGlobalSection
	GlobalSection(ProjectConfigurationPlatforms) = postSolution
		{124294B6-C1F3-47A4-8202-79C5302C9BF6}.Debug|Any CPU.ActiveCfg = Debug|Any CPU
		{124294B6-C1F3-47A4-8202-79C5302C9BF6}.Debug|Any CPU.Build.0 = Debug|Any CPU
		{124294B6-C1F3-47A4-8202-79C5302C9BF6}.Release|Any CPU.ActiveCfg = Release|Any CPU
		{124294B6-C1F3-47A4-8202-79C5302C9BF6}.Release|Any CPU.Build.0 = Release|Any CPU
	EndGlobalSection
	GlobalSection(SolutionProperties) = preSolution
		HideSolutionNode = FALSE
	EndGlobalSection
	GlobalSection(ExtensibilityGlobals) = postSolution
		SolutionGuid = {F12AAB79-D8FD-4D68-A9E0-16B6A65F408E}
	EndGlobalSection
EndGlobal
